
Microsoft Visual Studio Solution File, Format Version 12.00
# Visual Studio 14
VisualStudioVersion = 14.0.25420.1
MinimumVisualStudioVersion = 10.0.40219.1
Project("{2150E333-8FDC-42A3-9474-1A3956D46DE8}") = "src", "src", "{D1531F15-D900-41A4-B955-58987BDB3530}"
EndProject
Project("{2150E333-8FDC-42A3-9474-1A3956D46DE8}") = "Strategy", "Strategy", "{E891353F-60CB-49C6-A35E-9600AC09FABD}"
EndProject
Project("{2150E333-8FDC-42A3-9474-1A3956D46DE8}") = "Observer", "Observer", "{AFD22C7C-9FD3-4358-9F24-79C9DDC2305A}"
EndProject
Project("{2150E333-8FDC-42A3-9474-1A3956D46DE8}") = "Decorator", "Decorator", "{A15D7BFB-45B1-429C-901D-44FE1A70ED67}"
EndProject
Project("{2150E333-8FDC-42A3-9474-1A3956D46DE8}") = "Factory", "Factory", "{09D604CE-44A3-417C-A5E6-0249B03D1A1B}"
EndProject
Project("{2150E333-8FDC-42A3-9474-1A3956D46DE8}") = "Command", "Command", "{62A9EA6E-836B-43CA-965E-59A01032EB6E}"
EndProject
Project("{2150E333-8FDC-42A3-9474-1A3956D46DE8}") = "Adapter", "Adapter", "{6973A407-734D-4A5B-AF81-2832E4E2A25B}"
EndProject
Project("{2150E333-8FDC-42A3-9474-1A3956D46DE8}") = "Facade", "Facade", "{D2BCCCBB-EC09-437F-A89E-977E3BACE39C}"
EndProject
Project("{2150E333-8FDC-42A3-9474-1A3956D46DE8}") = "TemplateMethod", "TemplateMethod", "{EDF78F77-9474-452C-A945-23B311AC01C5}"
EndProject
Project("{2150E333-8FDC-42A3-9474-1A3956D46DE8}") = "State", "State", "{B6F27219-21C5-47BA-BE2A-9C80ECBC154C}"
EndProject
Project("{2150E333-8FDC-42A3-9474-1A3956D46DE8}") = "Builder", "Builder", "{4D426EA3-9F25-4C6D-AAC8-C50CB48EEECB}"
EndProject
Project("{FAE04EC0-301F-11D3-BF4B-00C04F79EFBC}") = "StrategyApplication", "StrategyApplication\StrategyApplication.csproj", "{138264CD-DCB9-4A8F-8022-6BDD1816D93E}"
EndProject
Project("{FAE04EC0-301F-11D3-BF4B-00C04F79EFBC}") = "ObserverApplication", "ObserverApplication\ObserverApplication.csproj", "{C8C04F53-254F-4D60-8904-57FE1A6DDD73}"
EndProject
Project("{FAE04EC0-301F-11D3-BF4B-00C04F79EFBC}") = "ObserverApplicationWithDelegates", "ObserverApplicationWithDelegates\ObserverApplicationWithDelegates.csproj", "{C4866C4F-EA6B-477B-A990-E94FD37A4E1E}"
EndProject
Project("{FAE04EC0-301F-11D3-BF4B-00C04F79EFBC}") = "DecoratorApplication", "DecoratorApplication\DecoratorApplication.csproj", "{D4D36FE5-605B-4085-9ABD-2A65F392D1A2}"
EndProject
Project("{FAE04EC0-301F-11D3-BF4B-00C04F79EFBC}") = "FactoryApplication", "FactoryApplication\FactoryApplication.csproj", "{ECBA927E-8275-4EC2-AEC6-329CFC78432A}"
EndProject
Project("{FAE04EC0-301F-11D3-BF4B-00C04F79EFBC}") = "FactoryMethodApplication", "FactoryMethodApplication\FactoryMethodApplication.csproj", "{145AF3E5-75FC-4480-B388-22C08BF87B23}"
EndProject
Project("{FAE04EC0-301F-11D3-BF4B-00C04F79EFBC}") = "CommandApplication", "CommandApplication\CommandApplication.csproj", "{7238521B-29ED-431F-98B2-D233C8C6BCF7}"
EndProject
Project("{FAE04EC0-301F-11D3-BF4B-00C04F79EFBC}") = "AdapterApplication", "AdapterApplication\AdapterApplication.csproj", "{EBD7EAED-F0CF-4C36-A568-B5AD28610CCD}"
EndProject
Project("{FAE04EC0-301F-11D3-BF4B-00C04F79EFBC}") = "FacadeApplication", "FacadeApplication\FacadeApplication.csproj", "{FD7B7DC7-49E8-4927-9986-406B7F63F1B2}"
EndProject
Project("{FAE04EC0-301F-11D3-BF4B-00C04F79EFBC}") = "TemplateMethodApplication", "TemplateMethodApplication\TemplateMethodApplication.csproj", "{778E4DDF-DA76-4E25-9FC0-FFF76E99F058}"
EndProject
Global
	GlobalSection(SolutionConfigurationPlatforms) = preSolution
		Debug|Any CPU = Debug|Any CPU
		Release|Any CPU = Release|Any CPU
	EndGlobalSection
	GlobalSection(ProjectConfigurationPlatforms) = postSolution
		{138264CD-DCB9-4A8F-8022-6BDD1816D93E}.Debug|Any CPU.ActiveCfg = Debug|Any CPU
		{138264CD-DCB9-4A8F-8022-6BDD1816D93E}.Debug|Any CPU.Build.0 = Debug|Any CPU
		{138264CD-DCB9-4A8F-8022-6BDD1816D93E}.Release|Any CPU.ActiveCfg = Release|Any CPU
		{138264CD-DCB9-4A8F-8022-6BDD1816D93E}.Release|Any CPU.Build.0 = Release|Any CPU
		{C8C04F53-254F-4D60-8904-57FE1A6DDD73}.Debug|Any CPU.ActiveCfg = Debug|Any CPU
		{C8C04F53-254F-4D60-8904-57FE1A6DDD73}.Debug|Any CPU.Build.0 = Debug|Any CPU
		{C8C04F53-254F-4D60-8904-57FE1A6DDD73}.Release|Any CPU.ActiveCfg = Release|Any CPU
		{C8C04F53-254F-4D60-8904-57FE1A6DDD73}.Release|Any CPU.Build.0 = Release|Any CPU
		{C4866C4F-EA6B-477B-A990-E94FD37A4E1E}.Debug|Any CPU.ActiveCfg = Debug|Any CPU
		{C4866C4F-EA6B-477B-A990-E94FD37A4E1E}.Debug|Any CPU.Build.0 = Debug|Any CPU
		{C4866C4F-EA6B-477B-A990-E94FD37A4E1E}.Release|Any CPU.ActiveCfg = Release|Any CPU
		{C4866C4F-EA6B-477B-A990-E94FD37A4E1E}.Release|Any CPU.Build.0 = Release|Any CPU
		{D4D36FE5-605B-4085-9ABD-2A65F392D1A2}.Debug|Any CPU.ActiveCfg = Debug|Any CPU
		{D4D36FE5-605B-4085-9ABD-2A65F392D1A2}.Debug|Any CPU.Build.0 = Debug|Any CPU
		{D4D36FE5-605B-4085-9ABD-2A65F392D1A2}.Release|Any CPU.ActiveCfg = Release|Any CPU
		{D4D36FE5-605B-4085-9ABD-2A65F392D1A2}.Release|Any CPU.Build.0 = Release|Any CPU
		{ECBA927E-8275-4EC2-AEC6-329CFC78432A}.Debug|Any CPU.ActiveCfg = Debug|Any CPU
		{ECBA927E-8275-4EC2-AEC6-329CFC78432A}.Debug|Any CPU.Build.0 = Debug|Any CPU
		{ECBA927E-8275-4EC2-AEC6-329CFC78432A}.Release|Any CPU.ActiveCfg = Release|Any CPU
		{ECBA927E-8275-4EC2-AEC6-329CFC78432A}.Release|Any CPU.Build.0 = Release|Any CPU
		{145AF3E5-75FC-4480-B388-22C08BF87B23}.Debug|Any CPU.ActiveCfg = Debug|Any CPU
		{145AF3E5-75FC-4480-B388-22C08BF87B23}.Debug|Any CPU.Build.0 = Debug|Any CPU
		{145AF3E5-75FC-4480-B388-22C08BF87B23}.Release|Any CPU.ActiveCfg = Release|Any CPU
		{145AF3E5-75FC-4480-B388-22C08BF87B23}.Release|Any CPU.Build.0 = Release|Any CPU
		{7238521B-29ED-431F-98B2-D233C8C6BCF7}.Debug|Any CPU.ActiveCfg = Debug|Any CPU
		{7238521B-29ED-431F-98B2-D233C8C6BCF7}.Debug|Any CPU.Build.0 = Debug|Any CPU
		{7238521B-29ED-431F-98B2-D233C8C6BCF7}.Release|Any CPU.ActiveCfg = Release|Any CPU
		{7238521B-29ED-431F-98B2-D233C8C6BCF7}.Release|Any CPU.Build.0 = Release|Any CPU
		{EBD7EAED-F0CF-4C36-A568-B5AD28610CCD}.Debug|Any CPU.ActiveCfg = Debug|Any CPU
		{EBD7EAED-F0CF-4C36-A568-B5AD28610CCD}.Debug|Any CPU.Build.0 = Debug|Any CPU
		{EBD7EAED-F0CF-4C36-A568-B5AD28610CCD}.Release|Any CPU.ActiveCfg = Release|Any CPU
		{EBD7EAED-F0CF-4C36-A568-B5AD28610CCD}.Release|Any CPU.Build.0 = Release|Any CPU
		{FD7B7DC7-49E8-4927-9986-406B7F63F1B2}.Debug|Any CPU.ActiveCfg = Debug|Any CPU
		{FD7B7DC7-49E8-4927-9986-406B7F63F1B2}.Debug|Any CPU.Build.0 = Debug|Any CPU
		{FD7B7DC7-49E8-4927-9986-406B7F63F1B2}.Release|Any CPU.ActiveCfg = Release|Any CPU
		{FD7B7DC7-49E8-4927-9986-406B7F63F1B2}.Release|Any CPU.Build.0 = Release|Any CPU
		{778E4DDF-DA76-4E25-9FC0-FFF76E99F058}.Debug|Any CPU.ActiveCfg = Debug|Any CPU
		{778E4DDF-DA76-4E25-9FC0-FFF76E99F058}.Debug|Any CPU.Build.0 = Debug|Any CPU
		{778E4DDF-DA76-4E25-9FC0-FFF76E99F058}.Release|Any CPU.ActiveCfg = Release|Any CPU
		{778E4DDF-DA76-4E25-9FC0-FFF76E99F058}.Release|Any CPU.Build.0 = Release|Any CPU
	EndGlobalSection
	GlobalSection(SolutionProperties) = preSolution
		HideSolutionNode = FALSE
	EndGlobalSection
	GlobalSection(NestedProjects) = preSolution
		{E891353F-60CB-49C6-A35E-9600AC09FABD} = {D1531F15-D900-41A4-B955-58987BDB3530}
		{AFD22C7C-9FD3-4358-9F24-79C9DDC2305A} = {D1531F15-D900-41A4-B955-58987BDB3530}
		{A15D7BFB-45B1-429C-901D-44FE1A70ED67} = {D1531F15-D900-41A4-B955-58987BDB3530}
		{09D604CE-44A3-417C-A5E6-0249B03D1A1B} = {D1531F15-D900-41A4-B955-58987BDB3530}
		{62A9EA6E-836B-43CA-965E-59A01032EB6E} = {D1531F15-D900-41A4-B955-58987BDB3530}
		{6973A407-734D-4A5B-AF81-2832E4E2A25B} = {D1531F15-D900-41A4-B955-58987BDB3530}
		{D2BCCCBB-EC09-437F-A89E-977E3BACE39C} = {D1531F15-D900-41A4-B955-58987BDB3530}
		{EDF78F77-9474-452C-A945-23B311AC01C5} = {D1531F15-D900-41A4-B955-58987BDB3530}
		{B6F27219-21C5-47BA-BE2A-9C80ECBC154C} = {D1531F15-D900-41A4-B955-58987BDB3530}
		{4D426EA3-9F25-4C6D-AAC8-C50CB48EEECB} = {D1531F15-D900-41A4-B955-58987BDB3530}
		{138264CD-DCB9-4A8F-8022-6BDD1816D93E} = {E891353F-60CB-49C6-A35E-9600AC09FABD}
		{C8C04F53-254F-4D60-8904-57FE1A6DDD73} = {AFD22C7C-9FD3-4358-9F24-79C9DDC2305A}
		{C4866C4F-EA6B-477B-A990-E94FD37A4E1E} = {AFD22C7C-9FD3-4358-9F24-79C9DDC2305A}
		{D4D36FE5-605B-4085-9ABD-2A65F392D1A2} = {A15D7BFB-45B1-429C-901D-44FE1A70ED67}
		{ECBA927E-8275-4EC2-AEC6-329CFC78432A} = {09D604CE-44A3-417C-A5E6-0249B03D1A1B}
		{145AF3E5-75FC-4480-B388-22C08BF87B23} = {09D604CE-44A3-417C-A5E6-0249B03D1A1B}
		{7238521B-29ED-431F-98B2-D233C8C6BCF7} = {62A9EA6E-836B-43CA-965E-59A01032EB6E}
		{EBD7EAED-F0CF-4C36-A568-B5AD28610CCD} = {6973A407-734D-4A5B-AF81-2832E4E2A25B}
		{FD7B7DC7-49E8-4927-9986-406B7F63F1B2} = {D2BCCCBB-EC09-437F-A89E-977E3BACE39C}
		{778E4DDF-DA76-4E25-9FC0-FFF76E99F058} = {EDF78F77-9474-452C-A945-23B311AC01C5}
	EndGlobalSection
EndGlobal
